
Microsoft Visual Studio Solution File, Format Version 12.00
# Visual Studio Version 16
VisualStudioVersion = 16.0.29418.71
MinimumVisualStudioVersion = 10.0.40219.1
Project("{9A19103F-16F7-4668-BE54-9A1E7A4F7556}") = "GM.Common", "GM.Common\GM.Common.csproj", "{C0984A8F-4F5F-4651-AC6B-6AFAA0096456}"
EndProject
Project("{9A19103F-16F7-4668-BE54-9A1E7A4F7556}") = "GM.Agent", "GM.Agent\GM.Agent.csproj", "{45EB916D-DD65-4A58-A66C-E16F6D7386C5}"
EndProject
Project("{2150E333-8FDC-42A3-9474-1A3956D46DE8}") = "WebSite", "WebSite", "{85C2B289-6168-40B5-AE0C-C79731964444}"
EndProject
Project("{9A19103F-16F7-4668-BE54-9A1E7A4F7556}") = "Web.System", "Web.System\Web.System.csproj", "{B277239B-E680-407D-9451-5298B7190231}"
EndProject
Project("{9A19103F-16F7-4668-BE54-9A1E7A4F7556}") = "Web.Admin", "Web.Admin\Web.Admin.csproj", "{0908DE43-EA40-4274-ADB0-E9E5D2BF776D}"
EndProject
Project("{2150E333-8FDC-42A3-9474-1A3956D46DE8}") = "Services", "Services", "{B5DCD8EB-86D1-46E0-818B-F84DECF1FE41}"
EndProject
Project("{9A19103F-16F7-4668-BE54-9A1E7A4F7556}") = "GM.Service", "GM.Service\GM.Service.csproj", "{96F5066E-D2D3-4B32-AF2D-845FC6539668}"
EndProject
Project("{9A19103F-16F7-4668-BE54-9A1E7A4F7556}") = "Web.API", "Web.API\Web.API.csproj", "{9A68B5AD-5BE6-4F5E-B2B3-014C81B1F83E}"
EndProject
Project("{9A19103F-16F7-4668-BE54-9A1E7A4F7556}") = "GM.Cache", "GM.Cache\GM.Cache.csproj", "{A1076E31-7195-42B5-A8CA-075F8C774669}"
EndProject
Project("{2150E333-8FDC-42A3-9474-1A3956D46DE8}") = "Common", "Common", "{7EFEBAA8-D51D-4866-ADE3-92BA653CDC95}"
EndProject
Project("{9A19103F-16F7-4668-BE54-9A1E7A4F7556}") = "SP.Provider", "SP.Provider\SP.Provider.csproj", "{15589D4D-FE5A-4112-9455-8064192F0B3D}"
EndProject
Project("{9A19103F-16F7-4668-BE54-9A1E7A4F7556}") = "Test", "Test\Test.csproj", "{F1D3C489-3699-44FC-A259-30B768EF82F9}"
EndProject
Project("{9A19103F-16F7-4668-BE54-9A1E7A4F7556}") = "SP.StudioCore", "SP.StudioCore\SP.StudioCore.csproj", "{6A717BFD-DB9D-40F1-A31D-50354197CB5E}"
EndProject
Global
	GlobalSection(SolutionConfigurationPlatforms) = preSolution
		Debug|Any CPU = Debug|Any CPU
		Release|Any CPU = Release|Any CPU
	EndGlobalSection
	GlobalSection(ProjectConfigurationPlatforms) = postSolution
		{C0984A8F-4F5F-4651-AC6B-6AFAA0096456}.Debug|Any CPU.ActiveCfg = Debug|Any CPU
		{C0984A8F-4F5F-4651-AC6B-6AFAA0096456}.Debug|Any CPU.Build.0 = Debug|Any CPU
		{C0984A8F-4F5F-4651-AC6B-6AFAA0096456}.Release|Any CPU.ActiveCfg = Release|Any CPU
		{C0984A8F-4F5F-4651-AC6B-6AFAA0096456}.Release|Any CPU.Build.0 = Release|Any CPU
		{45EB916D-DD65-4A58-A66C-E16F6D7386C5}.Debug|Any CPU.ActiveCfg = Debug|Any CPU
		{45EB916D-DD65-4A58-A66C-E16F6D7386C5}.Debug|Any CPU.Build.0 = Debug|Any CPU
		{45EB916D-DD65-4A58-A66C-E16F6D7386C5}.Release|Any CPU.ActiveCfg = Release|Any CPU
		{45EB916D-DD65-4A58-A66C-E16F6D7386C5}.Release|Any CPU.Build.0 = Release|Any CPU
		{B277239B-E680-407D-9451-5298B7190231}.Debug|Any CPU.ActiveCfg = Debug|Any CPU
		{B277239B-E680-407D-9451-5298B7190231}.Debug|Any CPU.Build.0 = Debug|Any CPU
		{B277239B-E680-407D-9451-5298B7190231}.Release|Any CPU.ActiveCfg = Release|Any CPU
		{B277239B-E680-407D-9451-5298B7190231}.Release|Any CPU.Build.0 = Release|Any CPU
		{0908DE43-EA40-4274-ADB0-E9E5D2BF776D}.Debug|Any CPU.ActiveCfg = Debug|Any CPU
		{0908DE43-EA40-4274-ADB0-E9E5D2BF776D}.Debug|Any CPU.Build.0 = Debug|Any CPU
		{0908DE43-EA40-4274-ADB0-E9E5D2BF776D}.Release|Any CPU.ActiveCfg = Release|Any CPU
		{0908DE43-EA40-4274-ADB0-E9E5D2BF776D}.Release|Any CPU.Build.0 = Release|Any CPU
		{96F5066E-D2D3-4B32-AF2D-845FC6539668}.Debug|Any CPU.ActiveCfg = Debug|Any CPU
		{96F5066E-D2D3-4B32-AF2D-845FC6539668}.Debug|Any CPU.Build.0 = Debug|Any CPU
		{96F5066E-D2D3-4B32-AF2D-845FC6539668}.Release|Any CPU.ActiveCfg = Release|Any CPU
		{96F5066E-D2D3-4B32-AF2D-845FC6539668}.Release|Any CPU.Build.0 = Release|Any CPU
		{9A68B5AD-5BE6-4F5E-B2B3-014C81B1F83E}.Debug|Any CPU.ActiveCfg = Debug|Any CPU
		{9A68B5AD-5BE6-4F5E-B2B3-014C81B1F83E}.Debug|Any CPU.Build.0 = Debug|Any CPU
		{9A68B5AD-5BE6-4F5E-B2B3-014C81B1F83E}.Release|Any CPU.ActiveCfg = Release|Any CPU
		{9A68B5AD-5BE6-4F5E-B2B3-014C81B1F83E}.Release|Any CPU.Build.0 = Release|Any CPU
		{A1076E31-7195-42B5-A8CA-075F8C774669}.Debug|Any CPU.ActiveCfg = Debug|Any CPU
		{A1076E31-7195-42B5-A8CA-075F8C774669}.Debug|Any CPU.Build.0 = Debug|Any CPU
		{A1076E31-7195-42B5-A8CA-075F8C774669}.Release|Any CPU.ActiveCfg = Release|Any CPU
		{A1076E31-7195-42B5-A8CA-075F8C774669}.Release|Any CPU.Build.0 = Release|Any CPU
		{15589D4D-FE5A-4112-9455-8064192F0B3D}.Debug|Any CPU.ActiveCfg = Debug|Any CPU
		{15589D4D-FE5A-4112-9455-8064192F0B3D}.Debug|Any CPU.Build.0 = Debug|Any CPU
		{15589D4D-FE5A-4112-9455-8064192F0B3D}.Release|Any CPU.ActiveCfg = Release|Any CPU
		{15589D4D-FE5A-4112-9455-8064192F0B3D}.Release|Any CPU.Build.0 = Release|Any CPU
		{F1D3C489-3699-44FC-A259-30B768EF82F9}.Debug|Any CPU.ActiveCfg = Debug|Any CPU
		{F1D3C489-3699-44FC-A259-30B768EF82F9}.Debug|Any CPU.Build.0 = Debug|Any CPU
		{F1D3C489-3699-44FC-A259-30B768EF82F9}.Release|Any CPU.ActiveCfg = Release|Any CPU
		{F1D3C489-3699-44FC-A259-30B768EF82F9}.Release|Any CPU.Build.0 = Release|Any CPU
		{6A717BFD-DB9D-40F1-A31D-50354197CB5E}.Debug|Any CPU.ActiveCfg = Debug|Any CPU
		{6A717BFD-DB9D-40F1-A31D-50354197CB5E}.Debug|Any CPU.Build.0 = Debug|Any CPU
		{6A717BFD-DB9D-40F1-A31D-50354197CB5E}.Release|Any CPU.ActiveCfg = Release|Any CPU
		{6A717BFD-DB9D-40F1-A31D-50354197CB5E}.Release|Any CPU.Build.0 = Release|Any CPU
	EndGlobalSection
	GlobalSection(SolutionProperties) = preSolution
		HideSolutionNode = FALSE
	EndGlobalSection
	GlobalSection(NestedProjects) = preSolution
		{B277239B-E680-407D-9451-5298B7190231} = {85C2B289-6168-40B5-AE0C-C79731964444}
		{0908DE43-EA40-4274-ADB0-E9E5D2BF776D} = {85C2B289-6168-40B5-AE0C-C79731964444}
		{96F5066E-D2D3-4B32-AF2D-845FC6539668} = {B5DCD8EB-86D1-46E0-818B-F84DECF1FE41}
		{9A68B5AD-5BE6-4F5E-B2B3-014C81B1F83E} = {85C2B289-6168-40B5-AE0C-C79731964444}
		{15589D4D-FE5A-4112-9455-8064192F0B3D} = {7EFEBAA8-D51D-4866-ADE3-92BA653CDC95}
		{6A717BFD-DB9D-40F1-A31D-50354197CB5E} = {7EFEBAA8-D51D-4866-ADE3-92BA653CDC95}
	EndGlobalSection
	GlobalSection(ExtensibilityGlobals) = postSolution
		SolutionGuid = {423B761A-0F71-42A2-9E3A-47D79840D1CF}
	EndGlobalSection
EndGlobal
